
Microsoft Visual Studio Solution File, Format Version 12.00
# Visual Studio 15
VisualStudioVersion = 15.0.26403.3
MinimumVisualStudioVersion = 10.0.40219.1
Project("{FAE04EC0-301F-11D3-BF4B-00C04F79EFBC}") = "StaffAssignmentProgram.Common", "StaffAssignmentProgram.Common\StaffAssignmentProgram.Common.csproj", "{8660D00C-8ECE-47F5-A4F5-60377D01D1EC}"
EndProject
Project("{FAE04EC0-301F-11D3-BF4B-00C04F79EFBC}") = "StaffAssignmentProgram.ScheduleCreator", "StaffAssignmentProgram.ScheduleCreator\StaffAssignmentProgram.ScheduleCreator.csproj", "{A53AB940-C82E-40E2-8D14-8E567F74EDA2}"
EndProject
Project("{FAE04EC0-301F-11D3-BF4B-00C04F79EFBC}") = "StaffAssignmentProgram.ScheduleEditor", "StaffAssignmentProgram.ScheduleEditor\StaffAssignmentProgram.ScheduleEditor.csproj", "{80925EAC-2DFA-4E02-BAB2-6183FD2643A5}"
EndProject
Global
	GlobalSection(SolutionConfigurationPlatforms) = preSolution
		Debug|Any CPU = Debug|Any CPU
		Release|Any CPU = Release|Any CPU
	EndGlobalSection
	GlobalSection(ProjectConfigurationPlatforms) = postSolution
		{8660D00C-8ECE-47F5-A4F5-60377D01D1EC}.Debug|Any CPU.ActiveCfg = Debug|Any CPU
		{8660D00C-8ECE-47F5-A4F5-60377D01D1EC}.Debug|Any CPU.Build.0 = Debug|Any CPU
		{8660D00C-8ECE-47F5-A4F5-60377D01D1EC}.Release|Any CPU.ActiveCfg = Release|Any CPU
		{8660D00C-8ECE-47F5-A4F5-60377D01D1EC}.Release|Any CPU.Build.0 = Release|Any CPU
		{A53AB940-C82E-40E2-8D14-8E567F74EDA2}.Debug|Any CPU.ActiveCfg = Debug|Any CPU
		{A53AB940-C82E-40E2-8D14-8E567F74EDA2}.Debug|Any CPU.Build.0 = Debug|Any CPU
		{A53AB940-C82E-40E2-8D14-8E567F74EDA2}.Release|Any CPU.ActiveCfg = Release|Any CPU
		{A53AB940-C82E-40E2-8D14-8E567F74EDA2}.Release|Any CPU.Build.0 = Release|Any CPU
		{80925EAC-2DFA-4E02-BAB2-6183FD2643A5}.Debug|Any CPU.ActiveCfg = Debug|Any CPU
		{80925EAC-2DFA-4E02-BAB2-6183FD2643A5}.Debug|Any CPU.Build.0 = Debug|Any CPU
		{80925EAC-2DFA-4E02-BAB2-6183FD2643A5}.Release|Any CPU.ActiveCfg = Release|Any CPU
		{80925EAC-2DFA-4E02-BAB2-6183FD2643A5}.Release|Any CPU.Build.0 = Release|Any CPU
	EndGlobalSection
	GlobalSection(SolutionProperties) = preSolution
		HideSolutionNode = FALSE
	EndGlobalSection
EndGlobal
